uuid: c2fabbd6-e1e8-417f-a98c-244a9ec2d332
langcode: en
status: false
dependencies:
  module:
    - block_class
  theme:
    - cypress_store
third_party_settings:
  block_class:
    classes: 'primary-block col-md-4'
id: primarymenublock
theme: cypress_store
region: navigation
weight: 1
provider: null
plugin: 'block_content:01fe2614-a5f1-46db-a7b4-3acac67e3d20'
settings:
  id: 'block_content:01fe2614-a5f1-46db-a7b4-3acac67e3d20'
  label: primary-menu-block
  provider: block_content
  label_display: '0'
  status: true
  info: ''
  view_mode: full
visibility: {  }
